
Microsoft Visual Studio Solution File, Format Version 12.00
# Visual Studio Version 17
VisualStudioVersion = 17.13.35825.156
MinimumVisualStudioVersion = 10.0.40219.1
Project("{8BC9CEB8-8B4A-11D0-8D11-00A0C91BC942}") = "Sandbox", "Sandbox\Sandbox.vcxproj", "{403ADEF6-B88E-44D7-A38B-A3681FE0BE5A}"
EndProject
Project("{8BC9CEB8-8B4A-11D0-8D11-00A0C91BC942}") = "SimpleEngine", "SimpleEngine\SimpleEngine.vcxproj", "{9C671A9E-F336-48C5-A077-87A823A83B26}"
EndProject
Global
	GlobalSection(SolutionConfigurationPlatforms) = preSolution
		Debug|x64 = Debug|x64
		Release|x64 = Release|x64
	EndGlobalSection
	GlobalSection(ProjectConfigurationPlatforms) = postSolution
		{403ADEF6-B88E-44D7-A38B-A3681FE0BE5A}.Debug|x64.ActiveCfg = Debug|x64
		{403ADEF6-B88E-44D7-A38B-A3681FE0BE5A}.Debug|x64.Build.0 = Debug|x64
		{403ADEF6-B88E-44D7-A38B-A3681FE0BE5A}.Release|x64.ActiveCfg = Release|x64
		{403ADEF6-B88E-44D7-A38B-A3681FE0BE5A}.Release|x64.Build.0 = Release|x64
		{9C671A9E-F336-48C5-A077-87A823A83B26}.Debug|x64.ActiveCfg = Debug|x64
		{9C671A9E-F336-48C5-A077-87A823A83B26}.Debug|x64.Build.0 = Debug|x64
		{9C671A9E-F336-48C5-A077-87A823A83B26}.Release|x64.ActiveCfg = Release|x64
		{9C671A9E-F336-48C5-A077-87A823A83B26}.Release|x64.Build.0 = Release|x64
	EndGlobalSection
	GlobalSection(SolutionProperties) = preSolution
		HideSolutionNode = FALSE
	EndGlobalSection
	GlobalSection(ExtensibilityGlobals) = postSolution
		SolutionGuid = {962E895F-895E-4EFE-AF64-543B3A7D96A4}
	EndGlobalSection
EndGlobal
